
Microsoft Visual Studio Solution File, Format Version 12.00
# Visual Studio Version 17
VisualStudioVersion = 17.5.33530.505
MinimumVisualStudioVersion = 10.0.40219.1
Project("{9A19103F-16F7-4668-BE54-9A1E7A4F7556}") = "ProjetoFinalAPI", "ProjetoFinalAPI\ProjetoFinalAPI.csproj", "{781C81EA-EF1E-4DB1-9A80-59B260B22AD0}"
EndProject
Project("{FAE04EC0-301F-11D3-BF4B-00C04F79EFBC}") = "ProjetoFinal", "ProjetoFinal\ProjetoFinal.csproj", "{BF75CDDB-A659-423E-8165-5A50582DC936}"
EndProject
Global
	GlobalSection(SolutionConfigurationPlatforms) = preSolution
		Debug|Any CPU = Debug|Any CPU
		Release|Any CPU = Release|Any CPU
	EndGlobalSection
	GlobalSection(ProjectConfigurationPlatforms) = postSolution
		{781C81EA-EF1E-4DB1-9A80-59B260B22AD0}.Debug|Any CPU.ActiveCfg = Debug|Any CPU
		{781C81EA-EF1E-4DB1-9A80-59B260B22AD0}.Debug|Any CPU.Build.0 = Debug|Any CPU
		{781C81EA-EF1E-4DB1-9A80-59B260B22AD0}.Release|Any CPU.ActiveCfg = Release|Any CPU
		{781C81EA-EF1E-4DB1-9A80-59B260B22AD0}.Release|Any CPU.Build.0 = Release|Any CPU
		{BF75CDDB-A659-423E-8165-5A50582DC936}.Debug|Any CPU.ActiveCfg = Debug|Any CPU
		{BF75CDDB-A659-423E-8165-5A50582DC936}.Debug|Any CPU.Build.0 = Debug|Any CPU
		{BF75CDDB-A659-423E-8165-5A50582DC936}.Release|Any CPU.ActiveCfg = Release|Any CPU
		{BF75CDDB-A659-423E-8165-5A50582DC936}.Release|Any CPU.Build.0 = Release|Any CPU
	EndGlobalSection
	GlobalSection(SolutionProperties) = preSolution
		HideSolutionNode = FALSE
	EndGlobalSection
	GlobalSection(ExtensibilityGlobals) = postSolution
		SolutionGuid = {F0B6B9DE-21C2-4B74-BD0A-27554F5824B9}
	EndGlobalSection
EndGlobal
